// !$*UTF8*$!
{
	archiveVersion = 1;
	classes = {
	};
	objectVersion = 46;
	objects = {

/* Begin PBXBuildFile section */
		08ECE5481D6C8C970058D8FC /* main.m in Sources */ = {isa = PBXBuildFile; fileRef = 08ECE5471D6C8C970058D8FC /* main.m */; };
		08ECE54B1D6C8C970058D8FC /* AppDelegate.m in Sources */ = {isa = PBXBuildFile; fileRef = 08ECE54A1D6C8C970058D8FC /* AppDelegate.m */; };
		08ECE54E1D6C8C970058D8FC /* ViewController.m in Sources */ = {isa = PBXBuildFile; fileRef = 08ECE54D1D6C8C970058D8FC /* ViewController.m */; };
		08ECE5511D6C8C970058D8FC /* Main.storyboard in Resources */ = {isa = PBXBuildFile; fileRef = 08ECE54F1D6C8C970058D8FC /* Main.storyboard */; };
		08ECE5531D6C8C970058D8FC /* Assets.xcassets in Resources */ = {isa = PBXBuildFile; fileRef = 08ECE5521D6C8C970058D8FC /* Assets.xcassets */; };
		08ECE5561D6C8C970058D8FC /* LaunchScreen.storyboard in Resources */ = {isa = PBXBuildFile; fileRef = 08ECE5541D6C8C970058D8FC /* LaunchScreen.storyboard */; };
/* End PBXBuildFile section */

/* Begin PBXFileReference section */
		08ECE5431D6C8C970058D8FC /* 子线程的运行循环.app */ = {isa = PBXFileReference; explicitFileType = wrapper.application; includeInIndex = 0; path = "子线程的运行循环.app"; sourceTree = BUILT_PRODUCTS_DIR; };
		08ECE5471D6C8C970058D8FC /* main.m */ = {isa = PBXFileReference; lastKnownFileType = sourcecode.c.objc; path = main.m; sourceTree = "<group>"; };
		08ECE5491D6C8C970058D8FC /* AppDelegate.h */ = {isa = PBXFileReference; lastKnownFileType = sourcecode.c.h; path = AppDelegate.h; sourceTree = "<group>"; };
		08ECE54A1D6C8C970058D8FC /* AppDelegate.m */ = {isa = PBXFileReference; lastKnownFileType = sourcecode.c.objc; path = AppDelegate.m; sourceTree = "<group>"; };
		08ECE54C1D6C8C970058D8FC /* ViewController.h */ = {isa = PBXFileReference; lastKnownFileType = sourcecode.c.h; path = ViewController.h; sourceTree = "<group>"; };
		08ECE54D1D6C8C970058D8FC /* ViewController.m */ = {isa = PBXFileReference; lastKnownFileType = sourcecode.c.objc; path = ViewController.m; sourceTree = "<group>"; };
		08ECE5501D6C8C970058D8FC /* Base */ = {isa = PBXFileReference; lastKnownFileType = file.storyboard; name = Base; path = Base.lproj/Main.storyboard; sourceTree = "<group>"; };
		08ECE5521D6C8C970058D8FC /* Assets.xcassets */ = {isa = PBXFileReference; lastKnownFileType = folder.assetcatalog; path = Assets.xcassets; sourceTree = "<group>"; };
		08ECE5551D6C8C970058D8FC /* Base */ = {isa = PBXFileReference; lastKnownFileType = file.storyboard; name = Base; path = Base.lproj/LaunchScreen.storyboard; sourceTree = "<group>"; };
		08ECE5571D6C8C970058D8FC /* Info.plist */ = {isa = PBXFileReference; lastKnownFileType = text.plist.xml; path = Info.plist; sourceTree = "<group>"; };
/* End PBXFileReference section */

/* Begin PBXFrameworksBuildPhase section */
		08ECE5401D6C8C970058D8FC /* Frameworks */ = {
			isa = PBXFrameworksBuildPhase;
			buildActionMask = 2147483647;
			files = (
			);
			runOnlyForDeploymentPostprocessing = 0;
		};
/* End PBXFrameworksBuildPhase section */

/* Begin PBXGroup section */
		08ECE53A1D6C8C970058D8FC = {
			isa = PBXGroup;
			children = (
				08ECE5451D6C8C970058D8FC /* 子线程的运行循环 */,
				08ECE5441D6C8C970058D8FC /* Products */,
			);
			sourceTree = "<group>";
		};
		08ECE5441D6C8C970058D8FC /* Products */ = {
			isa = PBXGroup;
			children = (
				08ECE5431D6C8C970058D8FC /* 子线程的运行循环.app */,
			);
			name = Products;
			sourceTree = "<group>";
		};
		08ECE5451D6C8C970058D8FC /* 子线程的运行循环 */ = {
			isa = PBXGroup;
			children = (
				08ECE5491D6C8C970058D8FC /* AppDelegate.h */,
				08ECE54A1D6C8C970058D8FC /* AppDelegate.m */,
				08ECE54C1D6C8C970058D8FC /* ViewController.h */,
				08ECE54D1D6C8C970058D8FC /* ViewController.m */,
				08ECE54F1D6C8C970058D8FC /* Main.storyboard */,
				08ECE5521D6C8C970058D8FC /* Assets.xcassets */,
				08ECE5541D6C8C970058D8FC /* LaunchScreen.storyboard */,
				08ECE5571D6C8C970058D8FC /* Info.plist */,
				08ECE5461D6C8C970058D8FC /* Supporting Files */,
			);
			path = "子线程的运行循环";
			sourceTree = "<group>";
		};
		08ECE5461D6C8C970058D8FC /* Supporting Files */ = {
			isa = PBXGroup;
			children = (
				08ECE5471D6C8C970058D8FC /* main.m */,
			);
			name = "Supporting Files";
			sourceTree = "<group>";
		};
/* End PBXGroup section */

/* Begin PBXNativeTarget section */
		08ECE5421D6C8C970058D8FC /* 子线程的运行循环 */ = {
			isa = PBXNativeTarget;
			buildConfigurationList = 08ECE55A1D6C8C970058D8FC /* Build configuration list for PBXNativeTarget "子线程的运行循环" */;
			buildPhases = (
				08ECE53F1D6C8C970058D8FC /* Sources */,
				08ECE5401D6C8C970058D8FC /* Frameworks */,
				08ECE5411D6C8C970058D8FC /* Resources */,
			);
			buildRules = (
			);
			dependencies = (
			);
			name = "子线程的运行循环";
			productName = "子线程的运行循环";
			productReference = 08ECE5431D6C8C970058D8FC /* 子线程的运行循环.app */;
			productType = "com.apple.product-type.application";
		};
/* End PBXNativeTarget section */

/* Begin PBXProject section */
		08ECE53B1D6C8C970058D8FC /* Project object */ = {
			isa = PBXProject;
			attributes = {
				LastUpgradeCheck = 0730;
				ORGANIZATIONNAME = LY9264;
				TargetAttributes = {
					08ECE5421D6C8C970058D8FC = {
						CreatedOnToolsVersion = 7.3.1;
						DevelopmentTeam = WN5DB4379Z;
					};
				};
			};
			buildConfigurationList = 08ECE53E1D6C8C970058D8FC /* Build configuration list for PBXProject "子线程的运行循环" */;
			compatibilityVersion = "Xcode 3.2";
			developmentRegion = English;
			hasScannedForEncodings = 0;
			knownRegions = (
				en,
				Base,
			);
			mainGroup = 08ECE53A1D6C8C970058D8FC;
			productRefGroup = 08ECE5441D6C8C970058D8FC /* Products */;
			projectDirPath = "";
			projectRoot = "";
			targets = (
				08ECE5421D6C8C970058D8FC /* 子线程的运行循环 */,
			);
		};
/* End PBXProject section */

/* Begin PBXResourcesBuildPhase section */
		08ECE5411D6C8C970058D8FC /* Resources */ = {
			isa = PBXResourcesBuildPhase;
			buildActionMask = 2147483647;
			files = (
				08ECE5561D6C8C970058D8FC /* LaunchScreen.storyboard in Resources */,
				08ECE5531D6C8C970058D8FC /* Assets.xcassets in Resources */,
				08ECE5511D6C8C970058D8FC /* Main.storyboard in Resources */,
			);
			runOnlyForDeploymentPostprocessing = 0;
		};
/* End PBXResourcesBuildPhase section */

/* Begin PBXSourcesBuildPhase section */
		08ECE53F1D6C8C970058D8FC /* Sources */ = {
			isa = PBXSourcesBuildPhase;
			buildActionMask = 2147483647;
			files = (
				08ECE54E1D6C8C970058D8FC /* ViewController.m in Sources */,
				08ECE54B1D6C8C970058D8FC /* AppDelegate.m in Sources */,
				08ECE5481D6C8C970058D8FC /* main.m in Sources */,
			);
			runOnlyForDeploymentPostprocessing = 0;
		};
/* End PBXSourcesBuildPhase section */

/* Begin PBXVariantGroup section */
		08ECE54F1D6C8C970058D8FC /* Main.storyboard */ = {
			isa = PBXVariantGroup;
			children = (
				08ECE5501D6C8C970058D8FC /* Base */,
			);
			name = Main.storyboard;
			sourceTree = "<group>";
		};
		08ECE5541D6C8C970058D8FC /* LaunchScreen.storyboard */ = {
			isa = PBXVariantGroup;
			children = (
				08ECE5551D6C8C970058D8FC /* Base */,
			);
			name = LaunchScreen.storyboard;
			sourceTree = "<group>";
		};
/* End PBXVariantGroup section */

/* Begin XCBuildConfiguration section */
		08ECE5581D6C8C970058D8FC /* Debug */ = {
			isa = XCBuildConfiguration;
			buildSettings = {
				ALWAYS_SEARCH_USER_PATHS = NO;
				CLANG_ANALYZER_NONNULL = YES;
				CLANG_CXX_LANGUAGE_STANDARD = "gnu++0x";
				CLANG_CXX_LIBRARY = "libc++";
				CLANG_ENABLE_MODULES = YES;
				CLANG_ENABLE_OBJC_ARC = YES;
				CLANG_WARN_BOOL_CONVERSION = YES;
				CLANG_WARN_CONSTANT_CONVERSION = YES;
				CLANG_WARN_DIRECT_OBJC_ISA_USAGE = YES_ERROR;
				CLANG_WARN_EMPTY_BODY = YES;
				CLANG_WARN_ENUM_CONVERSION = YES;
				CLANG_WARN_INT_CONVERSION = YES;
				CLANG_WARN_OBJC_ROOT_CLASS = YES_ERROR;
				CLANG_WARN_UNREACHABLE_CODE = YES;
				CLANG_WARN__DUPLICATE_METHOD_MATCH = YES;
				"CODE_SIGN_IDENTITY[sdk=iphoneos*]" = "iPhone Developer";
				COPY_PHASE_STRIP = NO;
				DEBUG_INFORMATION_FORMAT = dwarf;
				ENABLE_STRICT_OBJC_MSGSEND = YES;
				ENABLE_TESTABILITY = YES;
				GCC_C_LANGUAGE_STANDARD = gnu99;
				GCC_DYNAMIC_NO_PIC = NO;
				GCC_NO_COMMON_BLOCKS = YES;
				GCC_OPTIMIZATION_LEVEL = 0;
				GCC_PREPROCESSOR_DEFINITIONS = (
					"DEBUG=1",
					"$(inherited)",
				);
				GCC_WARN_64_TO_32_BIT_CONVERSION = YES;
				GCC_WARN_ABOUT_RETURN_TYPE = YES_ERROR;
				GCC_WARN_UNDECLARED_SELECTOR = YES;
				GCC_WARN_UNINITIALIZED_AUTOS = YES_AGGRESSIVE;
				GCC_WARN_UNUSED_FUNCTION = YES;
				GCC_WARN_UNUSED_VARIABLE = YES;
				IPHONEOS_DEPLOYMENT_TARGET = 9.3;
				MTL_ENABLE_DEBUG_INFO = YES;
				ONLY_ACTIVE_ARCH = YES;
				SDKROOT = iphoneos;
			};
			name = Debug;
		};
		08ECE5591D6C8C970058D8FC /* Release */ = {
			isa = XCBuildConfiguration;
			buildSettings = {
				ALWAYS_SEARCH_USER_PATHS = NO;
				CLANG_ANALYZER_NONNULL = YES;
				CLANG_CXX_LANGUAGE_STANDARD = "gnu++0x";
				CLANG_CXX_LIBRARY = "libc++";
				CLANG_ENABLE_MODULES = YES;
				CLANG_ENABLE_OBJC_ARC = YES;
				CLANG_WARN_BOOL_CONVERSION = YES;
				CLANG_WARN_CONSTANT_CONVERSION = YES;
				CLANG_WARN_DIRECT_OBJC_ISA_USAGE = YES_ERROR;
				CLANG_WARN_EMPTY_BODY = YES;
				CLANG_WARN_ENUM_CONVERSION = YES;
				CLANG_WARN_INT_CONVERSION = YES;
				CLANG_WARN_OBJC_ROOT_CLASS = YES_ERROR;
				CLANG_WARN_UNREACHABLE_CODE = YES;
				CLANG_WARN__DUPLICATE_METHOD_MATCH = YES;
				"CODE_SIGN_IDENTITY[sdk=iphoneos*]" = "iPhone Developer";
				COPY_PHASE_STRIP = NO;
				DEBUG_INFORMATION_FORMAT = "dwarf-with-dsym";
				ENABLE_NS_ASSERTIONS = NO;
				ENABLE_STRICT_OBJC_MSGSEND = YES;
				GCC_C_LANGUAGE_STANDARD = gnu99;
				GCC_NO_COMMON_BLOCKS = YES;
				GCC_WARN_64_TO_32_BIT_CONVERSION = YES;
				GCC_WARN_ABOUT_RETURN_TYPE = YES_ERROR;
				GCC_WARN_UNDECLARED_SELECTOR = YES;
				GCC_WARN_UNINITIALIZED_AUTOS = YES_AGGRESSIVE;
				GCC_WARN_UNUSED_FUNCTION = YES;
				GCC_WARN_UNUSED_VARIABLE = YES;
				IPHONEOS_DEPLOYMENT_TARGET = 9.3;
				MTL_ENABLE_DEBUG_INFO = NO;
				SDKROOT = iphoneos;
				VALIDATE_PRODUCT = YES;
			};
			name = Release;
		};
		08ECE55B1D6C8C970058D8FC /* Debug */ = {
			isa = XCBuildConfiguration;
			buildSettings = {
				ASSETCATALOG_COMPILER_APPICON_NAME = AppIcon;
				INFOPLIST_FILE = "子线程的运行循环/Info.plist";
				LD_RUNPATH_SEARCH_PATHS = "$(inherited) @executable_path/Frameworks";
				PRODUCT_BUNDLE_IDENTIFIER = "LY9264.--------";
				PRODUCT_NAME = "$(TARGET_NAME)";
			};
			name = Debug;
		};
		08ECE55C1D6C8C970058D8FC /* Release */ = {
			isa = XCBuildConfiguration;
			buildSettings = {
				ASSETCATALOG_COMPILER_APPICON_NAME = AppIcon;
				INFOPLIST_FILE = "子线程的运行循环/Info.plist";
				LD_RUNPATH_SEARCH_PATHS = "$(inherited) @executable_path/Frameworks";
				PRODUCT_BUNDLE_IDENTIFIER = "LY9264.--------";
				PRODUCT_NAME = "$(TARGET_NAME)";
			};
			name = Release;
		};
/* End XCBuildConfiguration section */

/* Begin XCConfigurationList section */
		08ECE53E1D6C8C970058D8FC /* Build configuration list for PBXProject "子线程的运行循环" */ = {
			isa = XCConfigurationList;
			buildConfigurations = (
				08ECE5581D6C8C970058D8FC /* Debug */,
				08ECE5591D6C8C970058D8FC /* Release */,
			);
			defaultConfigurationIsVisible = 0;
			defaultConfigurationName = Release;
		};
		08ECE55A1D6C8C970058D8FC /* Build configuration list for PBXNativeTarget "子线程的运行循环" */ = {
			isa = XCConfigurationList;
			buildConfigurations = (
				08ECE55B1D6C8C970058D8FC /* Debug */,
				08ECE55C1D6C8C970058D8FC /* Release */,
			);
			defaultConfigurationIsVisible = 0;
		};
/* End XCConfigurationList section */
	};
	rootObject = 08ECE53B1D6C8C970058D8FC /* Project object */;
}
